{
  "name": "keyboard",
  "version": "1.0.0",
  "lockfileVersion": 1,
  "requires": true,
  "dependencies": {
    "csshake": {
      "version": "1.5.3",
      "resolved": "http://registry.npm.taobao.org/csshake/download/csshake-1.5.3.tgz",
      "integrity": "sha1-VWHzEMLB5adKX2ZbRClFlLMLQlo=",
      "dev": true
    }
  }
}
